
Microsoft Visual Studio Solution File, Format Version 12.00
# Visual Studio Version 17
VisualStudioVersion = 17.9.34902.65
MinimumVisualStudioVersion = 10.0.40219.1
Project("{2150E333-8FDC-42A3-9474-1A3956D46DE8}") = "FrontEnd", "FrontEnd", "{FECF07FA-77BB-425A-914B-68B62E035903}"
EndProject
Project("{2150E333-8FDC-42A3-9474-1A3956D46DE8}") = "Gateway", "Gateway", "{24BBBF88-7375-4F58-BE1F-FCE61A2AB363}"
EndProject
Project("{2150E333-8FDC-42A3-9474-1A3956D46DE8}") = "Integration", "Integration", "{30B28ACD-CA74-4945-847C-A1A396A45DC4}"
EndProject
Project("{2150E333-8FDC-42A3-9474-1A3956D46DE8}") = "Services", "Services", "{638BD48D-F7CA-4449-A9B9-B347AF7F6A01}"
EndProject
Project("{9A19103F-16F7-4668-BE54-9A1E7A4F7556}") = "CineWorld.Services.AuthAPI", "CineWorld.Services.AuthAPI\CineWorld.Services.AuthAPI.csproj", "{2CC2F8C9-9678-4AF2-A115-4F45CF69D9B4}"
EndProject
Project("{9A19103F-16F7-4668-BE54-9A1E7A4F7556}") = "CineWorld.Services.MovieAPI", "CineWorld.Services.MovieAPI\CineWorld.Services.MovieAPI.csproj", "{F863C0F9-1DAA-4AAD-9893-66E96AEA97D5}"
EndProject
Project("{9A19103F-16F7-4668-BE54-9A1E7A4F7556}") = "CineWorld.Services.MembershipAPI", "CineWorld.Services.MembershipAPI\CineWorld.Services.MembershipAPI.csproj", "{035B85EF-7EC9-4299-AD33-37B5ADD6E59C}"
EndProject
Project("{9A19103F-16F7-4668-BE54-9A1E7A4F7556}") = "CineWorld.Services.CommentAPI", "CineWorld.Services.CommentAPI\CineWorld.Services.CommentAPI.csproj", "{8E9C6A82-0F9C-42A6-B430-E5359EDE40F7}"
EndProject
Project("{9A19103F-16F7-4668-BE54-9A1E7A4F7556}") = "CineWorld.Services.ReactionAPI", "CineWorld.Services.ReactionAPI\CineWorld.Services.ReactionAPI.csproj", "{975B7E0A-0B5E-40C9-952B-807499844C03}"
EndProject
Project("{9A19103F-16F7-4668-BE54-9A1E7A4F7556}") = "CineWorld.Services.HistoryAPI", "CineWorld.Services.HistoryAPI\CineWorld.Services.HistoryAPI.csproj", "{72179466-2649-4F16-9059-B426DD07452B}"
EndProject
Project("{9A19103F-16F7-4668-BE54-9A1E7A4F7556}") = "CineWorld.Services.EmailAPI", "CineWorld.Services.EmailAPI\CineWorld.Services.EmailAPI.csproj", "{8FD36595-4AC2-4F01-9184-BDA74F8B2520}"
EndProject
Project("{2150E333-8FDC-42A3-9474-1A3956D46DE8}") = "Testing", "Testing", "{522A04CC-07F2-41A9-8104-97F833EADECA}"
EndProject
Project("{9A19103F-16F7-4668-BE54-9A1E7A4F7556}") = "CineWorld.Services.MovieAPI.Test", "CineWorld.Services.MovieAPI.Test\CineWorld.Services.MovieAPI.Test.csproj", "{C8FCEFB8-B842-41A5-9499-69A9368A1169}"
EndProject
Project("{9A19103F-16F7-4668-BE54-9A1E7A4F7556}") = "CineWorld.EmailService", "CineWorld.EmailService\CineWorld.EmailService.csproj", "{CB9A91B6-C64E-4699-A217-61E9D8D7FBE6}"
EndProject
Project("{E53339B2-1760-4266-BCC7-CA923CBCF16C}") = "docker-compose", "docker-compose.dcproj", "{878A394B-8845-487F-9007-9908B1526144}"
EndProject
Project("{FAE04EC0-301F-11D3-BF4B-00C04F79EFBC}") = "CineWorld.GatewaySolution", "CineWorld.GatewaySolution\CineWorld.GatewaySolution.csproj", "{490104F0-4A2E-4318-B1E3-EAA6BD13AFEE}"
EndProject
Global
	GlobalSection(SolutionConfigurationPlatforms) = preSolution
		Debug|Any CPU = Debug|Any CPU
		Release|Any CPU = Release|Any CPU
	EndGlobalSection
	GlobalSection(ProjectConfigurationPlatforms) = postSolution
		{2CC2F8C9-9678-4AF2-A115-4F45CF69D9B4}.Debug|Any CPU.ActiveCfg = Debug|Any CPU
		{2CC2F8C9-9678-4AF2-A115-4F45CF69D9B4}.Debug|Any CPU.Build.0 = Debug|Any CPU
		{2CC2F8C9-9678-4AF2-A115-4F45CF69D9B4}.Release|Any CPU.ActiveCfg = Release|Any CPU
		{2CC2F8C9-9678-4AF2-A115-4F45CF69D9B4}.Release|Any CPU.Build.0 = Release|Any CPU
		{F863C0F9-1DAA-4AAD-9893-66E96AEA97D5}.Debug|Any CPU.ActiveCfg = Debug|Any CPU
		{F863C0F9-1DAA-4AAD-9893-66E96AEA97D5}.Debug|Any CPU.Build.0 = Debug|Any CPU
		{F863C0F9-1DAA-4AAD-9893-66E96AEA97D5}.Release|Any CPU.ActiveCfg = Release|Any CPU
		{F863C0F9-1DAA-4AAD-9893-66E96AEA97D5}.Release|Any CPU.Build.0 = Release|Any CPU
		{035B85EF-7EC9-4299-AD33-37B5ADD6E59C}.Debug|Any CPU.ActiveCfg = Debug|Any CPU
		{035B85EF-7EC9-4299-AD33-37B5ADD6E59C}.Debug|Any CPU.Build.0 = Debug|Any CPU
		{035B85EF-7EC9-4299-AD33-37B5ADD6E59C}.Release|Any CPU.ActiveCfg = Release|Any CPU
		{035B85EF-7EC9-4299-AD33-37B5ADD6E59C}.Release|Any CPU.Build.0 = Release|Any CPU
		{8E9C6A82-0F9C-42A6-B430-E5359EDE40F7}.Debug|Any CPU.ActiveCfg = Debug|Any CPU
		{8E9C6A82-0F9C-42A6-B430-E5359EDE40F7}.Debug|Any CPU.Build.0 = Debug|Any CPU
		{8E9C6A82-0F9C-42A6-B430-E5359EDE40F7}.Release|Any CPU.ActiveCfg = Release|Any CPU
		{8E9C6A82-0F9C-42A6-B430-E5359EDE40F7}.Release|Any CPU.Build.0 = Release|Any CPU
		{975B7E0A-0B5E-40C9-952B-807499844C03}.Debug|Any CPU.ActiveCfg = Debug|Any CPU
		{975B7E0A-0B5E-40C9-952B-807499844C03}.Debug|Any CPU.Build.0 = Debug|Any CPU
		{975B7E0A-0B5E-40C9-952B-807499844C03}.Release|Any CPU.ActiveCfg = Release|Any CPU
		{975B7E0A-0B5E-40C9-952B-807499844C03}.Release|Any CPU.Build.0 = Release|Any CPU
		{72179466-2649-4F16-9059-B426DD07452B}.Debug|Any CPU.ActiveCfg = Debug|Any CPU
		{72179466-2649-4F16-9059-B426DD07452B}.Debug|Any CPU.Build.0 = Debug|Any CPU
		{72179466-2649-4F16-9059-B426DD07452B}.Release|Any CPU.ActiveCfg = Release|Any CPU
		{72179466-2649-4F16-9059-B426DD07452B}.Release|Any CPU.Build.0 = Release|Any CPU
		{8FD36595-4AC2-4F01-9184-BDA74F8B2520}.Debug|Any CPU.ActiveCfg = Debug|Any CPU
		{8FD36595-4AC2-4F01-9184-BDA74F8B2520}.Debug|Any CPU.Build.0 = Debug|Any CPU
		{8FD36595-4AC2-4F01-9184-BDA74F8B2520}.Release|Any CPU.ActiveCfg = Release|Any CPU
		{8FD36595-4AC2-4F01-9184-BDA74F8B2520}.Release|Any CPU.Build.0 = Release|Any CPU
		{C8FCEFB8-B842-41A5-9499-69A9368A1169}.Debug|Any CPU.ActiveCfg = Debug|Any CPU
		{C8FCEFB8-B842-41A5-9499-69A9368A1169}.Debug|Any CPU.Build.0 = Debug|Any CPU
		{C8FCEFB8-B842-41A5-9499-69A9368A1169}.Release|Any CPU.ActiveCfg = Release|Any CPU
		{C8FCEFB8-B842-41A5-9499-69A9368A1169}.Release|Any CPU.Build.0 = Release|Any CPU
		{CB9A91B6-C64E-4699-A217-61E9D8D7FBE6}.Debug|Any CPU.ActiveCfg = Debug|Any CPU
		{CB9A91B6-C64E-4699-A217-61E9D8D7FBE6}.Debug|Any CPU.Build.0 = Debug|Any CPU
		{CB9A91B6-C64E-4699-A217-61E9D8D7FBE6}.Release|Any CPU.ActiveCfg = Release|Any CPU
		{CB9A91B6-C64E-4699-A217-61E9D8D7FBE6}.Release|Any CPU.Build.0 = Release|Any CPU
		{878A394B-8845-487F-9007-9908B1526144}.Debug|Any CPU.ActiveCfg = Debug|Any CPU
		{878A394B-8845-487F-9007-9908B1526144}.Debug|Any CPU.Build.0 = Debug|Any CPU
		{878A394B-8845-487F-9007-9908B1526144}.Release|Any CPU.ActiveCfg = Release|Any CPU
		{878A394B-8845-487F-9007-9908B1526144}.Release|Any CPU.Build.0 = Release|Any CPU
		{490104F0-4A2E-4318-B1E3-EAA6BD13AFEE}.Debug|Any CPU.ActiveCfg = Debug|Any CPU
		{490104F0-4A2E-4318-B1E3-EAA6BD13AFEE}.Debug|Any CPU.Build.0 = Debug|Any CPU
		{490104F0-4A2E-4318-B1E3-EAA6BD13AFEE}.Release|Any CPU.ActiveCfg = Release|Any CPU
		{490104F0-4A2E-4318-B1E3-EAA6BD13AFEE}.Release|Any CPU.Build.0 = Release|Any CPU
	EndGlobalSection
	GlobalSection(SolutionProperties) = preSolution
		HideSolutionNode = FALSE
	EndGlobalSection
	GlobalSection(NestedProjects) = preSolution
		{2CC2F8C9-9678-4AF2-A115-4F45CF69D9B4} = {638BD48D-F7CA-4449-A9B9-B347AF7F6A01}
		{F863C0F9-1DAA-4AAD-9893-66E96AEA97D5} = {638BD48D-F7CA-4449-A9B9-B347AF7F6A01}
		{035B85EF-7EC9-4299-AD33-37B5ADD6E59C} = {638BD48D-F7CA-4449-A9B9-B347AF7F6A01}
		{8E9C6A82-0F9C-42A6-B430-E5359EDE40F7} = {638BD48D-F7CA-4449-A9B9-B347AF7F6A01}
		{975B7E0A-0B5E-40C9-952B-807499844C03} = {638BD48D-F7CA-4449-A9B9-B347AF7F6A01}
		{72179466-2649-4F16-9059-B426DD07452B} = {638BD48D-F7CA-4449-A9B9-B347AF7F6A01}
		{8FD36595-4AC2-4F01-9184-BDA74F8B2520} = {638BD48D-F7CA-4449-A9B9-B347AF7F6A01}
		{C8FCEFB8-B842-41A5-9499-69A9368A1169} = {522A04CC-07F2-41A9-8104-97F833EADECA}
		{CB9A91B6-C64E-4699-A217-61E9D8D7FBE6} = {30B28ACD-CA74-4945-847C-A1A396A45DC4}
		{490104F0-4A2E-4318-B1E3-EAA6BD13AFEE} = {24BBBF88-7375-4F58-BE1F-FCE61A2AB363}
	EndGlobalSection
	GlobalSection(ExtensibilityGlobals) = postSolution
		SolutionGuid = {7523F892-D99B-4651-8610-1159CEB851E9}
	EndGlobalSection
EndGlobal
